// !$*UTF8*$!
{
	archiveVersion = 1;
	classes = {
	};
	objectVersion = 46;
	objects = {

/* Begin PBXBuildFile section */
		871171451F8DE0E5002D0BA8 /* FirebaseUtils.swift in Sources */ = {isa = PBXBuildFile; fileRef = 871171441F8DE0E5002D0BA8 /* FirebaseUtils.swift */; };
		871171471F8DE516002D0BA8 /* UserSearchController.swift in Sources */ = {isa = PBXBuildFile; fileRef = 871171461F8DE516002D0BA8 /* UserSearchController.swift */; };
		8711714B1F8DEE56002D0BA8 /* UserSearchCell .swift in Sources */ = {isa = PBXBuildFile; fileRef = 8711714A1F8DEE56002D0BA8 /* UserSearchCell .swift */; };
		875CB3B91F92AC370074A0EE /* PreviewPhotoContainerView.swift in Sources */ = {isa = PBXBuildFile; fileRef = 875CB3B81F92AC370074A0EE /* PreviewPhotoContainerView.swift */; };
		875CB3BB1F92D9D40074A0EE /* CustomAnimationPresenter.swift in Sources */ = {isa = PBXBuildFile; fileRef = 875CB3BA1F92D9D40074A0EE /* CustomAnimationPresenter.swift */; };
		875CB3BD1F92E3B60074A0EE /* CustomAnimatorDismisser.swift in Sources */ = {isa = PBXBuildFile; fileRef = 875CB3BC1F92E3B60074A0EE /* CustomAnimatorDismisser.swift */; };
		875CF3F41F8F507700957A55 /* CameraController.swift in Sources */ = {isa = PBXBuildFile; fileRef = 875CF3F31F8F507700957A55 /* CameraController.swift */; };
		876181501F96821100E46D93 /* CommentModel.swift in Sources */ = {isa = PBXBuildFile; fileRef = 8761814F1F96821100E46D93 /* CommentModel.swift */; };
		87730C351F64396B00794705 /* PhotoSelectorController.swift in Sources */ = {isa = PBXBuildFile; fileRef = 87730C341F64396A00794705 /* PhotoSelectorController.swift */; };
		87730C371F644E8800794705 /* PhotoSelectorCell.swift in Sources */ = {isa = PBXBuildFile; fileRef = 87730C361F644E8800794705 /* PhotoSelectorCell.swift */; };
		87730C391F644EB100794705 /* BaseCell.swift in Sources */ = {isa = PBXBuildFile; fileRef = 87730C381F644EB100794705 /* BaseCell.swift */; };
		87798A3D1F13EE7D00CBD098 /* AppDelegate.swift in Sources */ = {isa = PBXBuildFile; fileRef = 87798A3C1F13EE7D00CBD098 /* AppDelegate.swift */; };
		87798A3F1F13EE7D00CBD098 /* SignUpController.swift in Sources */ = {isa = PBXBuildFile; fileRef = 87798A3E1F13EE7D00CBD098 /* SignUpController.swift */; };
		87798A421F13EE7D00CBD098 /* Main.storyboard in Resources */ = {isa = PBXBuildFile; fileRef = 87798A401F13EE7D00CBD098 /* Main.storyboard */; };
		87798A451F13EE7D00CBD098 /* Instagram.xcdatamodeld in Sources */ = {isa = PBXBuildFile; fileRef = 87798A431F13EE7D00CBD098 /* Instagram.xcdatamodeld */; };
		87798A471F13EE7E00CBD098 /* Assets.xcassets in Resources */ = {isa = PBXBuildFile; fileRef = 87798A461F13EE7E00CBD098 /* Assets.xcassets */; };
		87798A4A1F13EE7E00CBD098 /* LaunchScreen.storyboard in Resources */ = {isa = PBXBuildFile; fileRef = 87798A481F13EE7E00CBD098 /* LaunchScreen.storyboard */; };
		87798A551F13EE7E00CBD098 /* InstagramTests.swift in Sources */ = {isa = PBXBuildFile; fileRef = 87798A541F13EE7E00CBD098 /* InstagramTests.swift */; };
		87798A601F13EE7E00CBD098 /* InstagramUITests.swift in Sources */ = {isa = PBXBuildFile; fileRef = 87798A5F1F13EE7E00CBD098 /* InstagramUITests.swift */; };
		8782E3221F58E805005697F1 /* Extensions.swift in Sources */ = {isa = PBXBuildFile; fileRef = 8782E3211F58E805005697F1 /* Extensions.swift */; };
		8782E35D1F591DCA005697F1 /* GoogleService-Info.plist in Resources */ = {isa = PBXBuildFile; fileRef = 8782E35C1F591DCA005697F1 /* GoogleService-Info.plist */; };
		878C01541F660D58006D5D2A /* PhotoSelectorHeader.swift in Sources */ = {isa = PBXBuildFile; fileRef = 878C01531F660D58006D5D2A /* PhotoSelectorHeader.swift */; };
		878C01691F665EEB006D5D2A /* SharePhotoController.swift in Sources */ = {isa = PBXBuildFile; fileRef = 878C01681F665EEB006D5D2A /* SharePhotoController.swift */; };
		87A502B01F5CB31A00235EF9 /* MainTabBarController.swift in Sources */ = {isa = PBXBuildFile; fileRef = 87A502AF1F5CB31A00235EF9 /* MainTabBarController.swift */; };
		87A502B21F5CB38E00235EF9 /* UserProfileController.swift in Sources */ = {isa = PBXBuildFile; fileRef = 87A502B11F5CB38E00235EF9 /* UserProfileController.swift */; };
		87A502CC1F5DA89E00235EF9 /* UserProfileHeader.swift in Sources */ = {isa = PBXBuildFile; fileRef = 87A502CB1F5DA89E00235EF9 /* UserProfileHeader.swift */; };
		87A502D61F5E638800235EF9 /* LoginController.swift in Sources */ = {isa = PBXBuildFile; fileRef = 87A502D51F5E638800235EF9 /* LoginController.swift */; };
		87AAB37A1F68EFC7001B1252 /* PostModel.swift in Sources */ = {isa = PBXBuildFile; fileRef = 87AAB3791F68EFC7001B1252 /* PostModel.swift */; };
		87AAB37C1F6A16CA001B1252 /* UserProfilePhotoCell.swift in Sources */ = {isa = PBXBuildFile; fileRef = 87AAB37B1F6A16CA001B1252 /* UserProfilePhotoCell.swift */; };
		87AAB37E1F6A5533001B1252 /* HomeController.swift in Sources */ = {isa = PBXBuildFile; fileRef = 87AAB37D1F6A5533001B1252 /* HomeController.swift */; };
		87AAB3851F6A5918001B1252 /* HomePostCell.swift in Sources */ = {isa = PBXBuildFile; fileRef = 87AAB3841F6A5918001B1252 /* HomePostCell.swift */; };
		87C7B1461F9323D700BE0BD8 /* CommentsController.swift in Sources */ = {isa = PBXBuildFile; fileRef = 87C7B1451F9323D700BE0BD8 /* CommentsController.swift */; };
		87CD57CC1F95AFD4001C4B8C /* CommentCell.swift in Sources */ = {isa = PBXBuildFile; fileRef = 87CD57CB1F95AFD4001C4B8C /* CommentCell.swift */; };
		87D481011F8C2B96004851BC /* UserModel.swift in Sources */ = {isa = PBXBuildFile; fileRef = 87D481001F8C2B96004851BC /* UserModel.swift */; };
		B0C3E0C691D8F52EFEA5BED1 /* Pods_InstagramUITests.framework in Frameworks */ = {isa = PBXBuildFile; fileRef = 60F1794CBC15058820E5303C /* Pods_InstagramUITests.framework */; };
		C42A4336999EECB60B19FCB5 /* Pods_InstagramTests.framework in Frameworks */ = {isa = PBXBuildFile; fileRef = 8FCE54C5A680A79ADEA1B78D /* Pods_InstagramTests.framework */; };
		C558B9E20AA14AE7B67C821A /* Pods_Instagram.framework in Frameworks */ = {isa = PBXBuildFile; fileRef = B026B5856CE2696CDA04101C /* Pods_Instagram.framework */; };
/* End PBXBuildFile section */

/* Begin PBXContainerItemProxy section */
		87798A511F13EE7E00CBD098 /* PBXContainerItemProxy */ = {
			isa = PBXContainerItemProxy;
			containerPortal = 87798A311F13EE7D00CBD098 /* Project object */;
			proxyType = 1;
			remoteGlobalIDString = 87798A381F13EE7D00CBD098;
			remoteInfo = Instagram;
		};
		87798A5C1F13EE7E00CBD098 /* PBXContainerItemProxy */ = {
			isa = PBXContainerItemProxy;
			containerPortal = 87798A311F13EE7D00CBD098 /* Project object */;
			proxyType = 1;
			remoteGlobalIDString = 87798A381F13EE7D00CBD098;
			remoteInfo = Instagram;
		};
/* End PBXContainerItemProxy section */

/* Begin PBXFileReference section */
		13BF3E3061FA4FD45628C1C8 /* Pods-InstagramTests.debug.xcconfig */ = {isa = PBXFileReference; includeInIndex = 1; lastKnownFileType = text.xcconfig; name = "Pods-InstagramTests.debug.xcconfig"; path = "Pods/Target Support Files/Pods-InstagramTests/Pods-InstagramTests.debug.xcconfig"; sourceTree = "<group>"; };
		60F1794CBC15058820E5303C /* Pods_InstagramUITests.framework */ = {isa = PBXFileReference; explicitFileType = wrapper.framework; includeInIndex = 0; path = Pods_InstagramUITests.framework; sourceTree = BUILT_PRODUCTS_DIR; };
		67AB31EBD463CBA6F4087160 /* Pods-InstagramTests.release.xcconfig */ = {isa = PBXFileReference; includeInIndex = 1; lastKnownFileType = text.xcconfig; name = "Pods-InstagramTests.release.xcconfig"; path = "Pods/Target Support Files/Pods-InstagramTests/Pods-InstagramTests.release.xcconfig"; sourceTree = "<group>"; };
		871171441F8DE0E5002D0BA8 /* FirebaseUtils.swift */ = {isa = PBXFileReference; lastKnownFileType = sourcecode.swift; path = FirebaseUtils.swift; sourceTree = "<group>"; };
		871171461F8DE516002D0BA8 /* UserSearchController.swift */ = {isa = PBXFileReference; lastKnownFileType = sourcecode.swift; path = UserSearchController.swift; sourceTree = "<group>"; };
		8711714A1F8DEE56002D0BA8 /* UserSearchCell .swift */ = {isa = PBXFileReference; lastKnownFileType = sourcecode.swift; path = "UserSearchCell .swift"; sourceTree = "<group>"; };
		875CB3B81F92AC370074A0EE /* PreviewPhotoContainerView.swift */ = {isa = PBXFileReference; lastKnownFileType = sourcecode.swift; path = PreviewPhotoContainerView.swift; sourceTree = "<group>"; };
		875CB3BA1F92D9D40074A0EE /* CustomAnimationPresenter.swift */ = {isa = PBXFileReference; lastKnownFileType = sourcecode.swift; path = CustomAnimationPresenter.swift; sourceTree = "<group>"; };
		875CB3BC1F92E3B60074A0EE /* CustomAnimatorDismisser.swift */ = {isa = PBXFileReference; lastKnownFileType = sourcecode.swift; path = CustomAnimatorDismisser.swift; sourceTree = "<group>"; };
		875CF3F31F8F507700957A55 /* CameraController.swift */ = {isa = PBXFileReference; lastKnownFileType = sourcecode.swift; path = CameraController.swift; sourceTree = "<group>"; };
		8761814F1F96821100E46D93 /* CommentModel.swift */ = {isa = PBXFileReference; lastKnownFileType = sourcecode.swift; path = CommentModel.swift; sourceTree = "<group>"; };
		87730C341F64396A00794705 /* PhotoSelectorController.swift */ = {isa = PBXFileReference; fileEncoding = 4; lastKnownFileType = sourcecode.swift; path = PhotoSelectorController.swift; sourceTree = "<group>"; };
		87730C361F644E8800794705 /* PhotoSelectorCell.swift */ = {isa = PBXFileReference; fileEncoding = 4; lastKnownFileType = sourcecode.swift; path = PhotoSelectorCell.swift; sourceTree = "<group>"; };
		87730C381F644EB100794705 /* BaseCell.swift */ = {isa = PBXFileReference; fileEncoding = 4; lastKnownFileType = sourcecode.swift; path = BaseCell.swift; sourceTree = "<group>"; };
		87798A391F13EE7D00CBD098 /* Instagram.app */ = {isa = PBXFileReference; explicitFileType = wrapper.application; includeInIndex = 0; path = Instagram.app; sourceTree = BUILT_PRODUCTS_DIR; };
		87798A3C1F13EE7D00CBD098 /* AppDelegate.swift */ = {isa = PBXFileReference; lastKnownFileType = sourcecode.swift; path = AppDelegate.swift; sourceTree = "<group>"; };
		87798A3E1F13EE7D00CBD098 /* SignUpController.swift */ = {isa = PBXFileReference; lastKnownFileType = sourcecode.swift; path = SignUpController.swift; sourceTree = "<group>"; };
		87798A411F13EE7D00CBD098 /* Base */ = {isa = PBXFileReference; lastKnownFileType = file.storyboard; name = Base; path = Base.lproj/Main.storyboard; sourceTree = "<group>"; };
		87798A441F13EE7D00CBD098 /* Instagram.xcdatamodel */ = {isa = PBXFileReference; lastKnownFileType = wrapper.xcdatamodel; path = Instagram.xcdatamodel; sourceTree = "<group>"; };
		87798A461F13EE7E00CBD098 /* Assets.xcassets */ = {isa = PBXFileReference; lastKnownFileType = folder.assetcatalog; path = Assets.xcassets; sourceTree = "<group>"; };
		87798A491F13EE7E00CBD098 /* Base */ = {isa = PBXFileReference; lastKnownFileType = file.storyboard; name = Base; path = Base.lproj/LaunchScreen.storyboard; sourceTree = "<group>"; };
		87798A4B1F13EE7E00CBD098 /* Info.plist */ = {isa = PBXFileReference; lastKnownFileType = text.plist.xml; path = Info.plist; sourceTree = "<group>"; };
		87798A501F13EE7E00CBD098 /* InstagramTests.xctest */ = {isa = PBXFileReference; explicitFileType = wrapper.cfbundle; includeInIndex = 0; path = InstagramTests.xctest; sourceTree = BUILT_PRODUCTS_DIR; };
		87798A541F13EE7E00CBD098 /* InstagramTests.swift */ = {isa = PBXFileReference; lastKnownFileType = sourcecode.swift; path = InstagramTests.swift; sourceTree = "<group>"; };
		87798A561F13EE7E00CBD098 /* Info.plist */ = {isa = PBXFileReference; lastKnownFileType = text.plist.xml; path = Info.plist; sourceTree = "<group>"; };
		87798A5B1F13EE7E00CBD098 /* InstagramUITests.xctest */ = {isa = PBXFileReference; explicitFileType = wrapper.cfbundle; includeInIndex = 0; path = InstagramUITests.xctest; sourceTree = BUILT_PRODUCTS_DIR; };
		87798A5F1F13EE7E00CBD098 /* InstagramUITests.swift */ = {isa = PBXFileReference; lastKnownFileType = sourcecode.swift; path = InstagramUITests.swift; sourceTree = "<group>"; };
		87798A611F13EE7E00CBD098 /* Info.plist */ = {isa = PBXFileReference; lastKnownFileType = text.plist.xml; path = Info.plist; sourceTree = "<group>"; };
		8782E3211F58E805005697F1 /* Extensions.swift */ = {isa = PBXFileReference; fileEncoding = 4; lastKnownFileType = sourcecode.swift; path = Extensions.swift; sourceTree = "<group>"; };
		8782E35C1F591DCA005697F1 /* GoogleService-Info.plist */ = {isa = PBXFileReference; fileEncoding = 4; lastKnownFileType = text.plist.xml; path = "GoogleService-Info.plist"; sourceTree = "<group>"; };
		878C01531F660D58006D5D2A /* PhotoSelectorHeader.swift */ = {isa = PBXFileReference; fileEncoding = 4; lastKnownFileType = sourcecode.swift; path = PhotoSelectorHeader.swift; sourceTree = "<group>"; };
		878C01681F665EEB006D5D2A /* SharePhotoController.swift */ = {isa = PBXFileReference; fileEncoding = 4; lastKnownFileType = sourcecode.swift; path = SharePhotoController.swift; sourceTree = "<group>"; };
		87A502AF1F5CB31A00235EF9 /* MainTabBarController.swift */ = {isa = PBXFileReference; fileEncoding = 4; lastKnownFileType = sourcecode.swift; path = MainTabBarController.swift; sourceTree = "<group>"; };
		87A502B11F5CB38E00235EF9 /* UserProfileController.swift */ = {isa = PBXFileReference; fileEncoding = 4; lastKnownFileType = sourcecode.swift; path = UserProfileController.swift; sourceTree = "<group>"; };
		87A502CB1F5DA89E00235EF9 /* UserProfileHeader.swift */ = {isa = PBXFileReference; fileEncoding = 4; lastKnownFileType = sourcecode.swift; path = UserProfileHeader.swift; sourceTree = "<group>"; };
		87A502D51F5E638800235EF9 /* LoginController.swift */ = {isa = PBXFileReference; fileEncoding = 4; lastKnownFileType = sourcecode.swift; path = LoginController.swift; sourceTree = "<group>"; };
		87AAB3791F68EFC7001B1252 /* PostModel.swift */ = {isa = PBXFileReference; fileEncoding = 4; lastKnownFileType = sourcecode.swift; path = PostModel.swift; sourceTree = "<group>"; };
		87AAB37B1F6A16CA001B1252 /* UserProfilePhotoCell.swift */ = {isa = PBXFileReference; fileEncoding = 4; lastKnownFileType = sourcecode.swift; path = UserProfilePhotoCell.swift; sourceTree = "<group>"; };
		87AAB37D1F6A5533001B1252 /* HomeController.swift */ = {isa = PBXFileReference; fileEncoding = 4; lastKnownFileType = sourcecode.swift; path = HomeController.swift; sourceTree = "<group>"; };
		87AAB3841F6A5918001B1252 /* HomePostCell.swift */ = {isa = PBXFileReference; fileEncoding = 4; lastKnownFileType = sourcecode.swift; path = HomePostCell.swift; sourceTree = "<group>"; };
		87C7B1451F9323D700BE0BD8 /* CommentsController.swift */ = {isa = PBXFileReference; lastKnownFileType = sourcecode.swift; path = CommentsController.swift; sourceTree = "<group>"; };
		87CD57CB1F95AFD4001C4B8C /* CommentCell.swift */ = {isa = PBXFileReference; lastKnownFileType = sourcecode.swift; path = CommentCell.swift; sourceTree = "<group>"; };
		87D481001F8C2B96004851BC /* UserModel.swift */ = {isa = PBXFileReference; fileEncoding = 4; lastKnownFileType = sourcecode.swift; path = UserModel.swift; sourceTree = "<group>"; };
		8F24C3BDCDCB7F5C049B2FA3 /* Pods-InstagramUITests.release.xcconfig */ = {isa = PBXFileReference; includeInIndex = 1; lastKnownFileType = text.xcconfig; name = "Pods-InstagramUITests.release.xcconfig"; path = "Pods/Target Support Files/Pods-InstagramUITests/Pods-InstagramUITests.release.xcconfig"; sourceTree = "<group>"; };
		8FCE54C5A680A79ADEA1B78D /* Pods_InstagramTests.framework */ = {isa = PBXFileReference; explicitFileType = wrapper.framework; includeInIndex = 0; path = Pods_InstagramTests.framework; sourceTree = BUILT_PRODUCTS_DIR; };
		9125ED3146D51B76D0797A7F /* Pods-Instagram.debug.xcconfig */ = {isa = PBXFileReference; includeInIndex = 1; lastKnownFileType = text.xcconfig; name = "Pods-Instagram.debug.xcconfig"; path = "Pods/Target Support Files/Pods-Instagram/Pods-Instagram.debug.xcconfig"; sourceTree = "<group>"; };
		B026B5856CE2696CDA04101C /* Pods_Instagram.framework */ = {isa = PBXFileReference; explicitFileType = wrapper.framework; includeInIndex = 0; path = Pods_Instagram.framework; sourceTree = BUILT_PRODUCTS_DIR; };
		BD0E79FE61627CF997E53728 /* Pods-Instagram.release.xcconfig */ = {isa = PBXFileReference; includeInIndex = 1; lastKnownFileType = text.xcconfig; name = "Pods-Instagram.release.xcconfig"; path = "Pods/Target Support Files/Pods-Instagram/Pods-Instagram.release.xcconfig"; sourceTree = "<group>"; };
		C5E3835A0E0D1E1F6479E125 /* Pods-InstagramUITests.debug.xcconfig */ = {isa = PBXFileReference; includeInIndex = 1; lastKnownFileType = text.xcconfig; name = "Pods-InstagramUITests.debug.xcconfig"; path = "Pods/Target Support Files/Pods-InstagramUITests/Pods-InstagramUITests.debug.xcconfig"; sourceTree = "<group>"; };
/* End PBXFileReference section */

/* Begin PBXFrameworksBuildPhase section */
		87798A361F13EE7D00CBD098 /* Frameworks */ = {
			isa = PBXFrameworksBuildPhase;
			buildActionMask = 2147483647;
			files = (
				C558B9E20AA14AE7B67C821A /* Pods_Instagram.framework in Frameworks */,
			);
			runOnlyForDeploymentPostprocessing = 0;
		};
		87798A4D1F13EE7E00CBD098 /* Frameworks */ = {
			isa = PBXFrameworksBuildPhase;
			buildActionMask = 2147483647;
			files = (
				C42A4336999EECB60B19FCB5 /* Pods_InstagramTests.framework in Frameworks */,
			);
			runOnlyForDeploymentPostprocessing = 0;
		};
		87798A581F13EE7E00CBD098 /* Frameworks */ = {
			isa = PBXFrameworksBuildPhase;
			buildActionMask = 2147483647;
			files = (
				B0C3E0C691D8F52EFEA5BED1 /* Pods_InstagramUITests.framework in Frameworks */,
			);
			runOnlyForDeploymentPostprocessing = 0;
		};
/* End PBXFrameworksBuildPhase section */

/* Begin PBXGroup section */
		875CF3F21F8F506C00957A55 /* Camera */ = {
			isa = PBXGroup;
			children = (
				875CF3F31F8F507700957A55 /* CameraController.swift */,
				875CB3B81F92AC370074A0EE /* PreviewPhotoContainerView.swift */,
				875CB3BA1F92D9D40074A0EE /* CustomAnimationPresenter.swift */,
				875CB3BC1F92E3B60074A0EE /* CustomAnimatorDismisser.swift */,
			);
			name = Camera;
			sourceTree = "<group>";
		};
		87798A301F13EE7D00CBD098 = {
			isa = PBXGroup;
			children = (
				87798A3B1F13EE7D00CBD098 /* Instagram */,
				87798A531F13EE7E00CBD098 /* InstagramTests */,
				87798A5E1F13EE7E00CBD098 /* InstagramUITests */,
				87798A3A1F13EE7D00CBD098 /* Products */,
				F238B969935A06F80AE51F7D /* Pods */,
				C2383D28C7E77642AFA6A3FA /* Frameworks */,
			);
			sourceTree = "<group>";
		};
		87798A3A1F13EE7D00CBD098 /* Products */ = {
			isa = PBXGroup;
			children = (
				87798A391F13EE7D00CBD098 /* Instagram.app */,
				87798A501F13EE7E00CBD098 /* InstagramTests.xctest */,
				87798A5B1F13EE7E00CBD098 /* InstagramUITests.xctest */,
			);
			name = Products;
			sourceTree = "<group>";
		};
		87798A3B1F13EE7D00CBD098 /* Instagram */ = {
			isa = PBXGroup;
			children = (
				875CF3F21F8F506C00957A55 /* Camera */,
				878C016A1F665EF2006D5D2A /* AddPhoto */,
				87798A3C1F13EE7D00CBD098 /* AppDelegate.swift */,
				87A502B51F5CB3D000235EF9 /* Model */,
				87A502B41F5CB3CB00235EF9 /* Views */,
				87A502B31F5CB3C200235EF9 /* Controllers */,
				87798A461F13EE7E00CBD098 /* Assets.xcassets */,
				87798A481F13EE7E00CBD098 /* LaunchScreen.storyboard */,
				87798A4B1F13EE7E00CBD098 /* Info.plist */,
				8782E35C1F591DCA005697F1 /* GoogleService-Info.plist */,
				8782E3211F58E805005697F1 /* Extensions.swift */,
			);
			path = Instagram;
			sourceTree = "<group>";
		};
		87798A531F13EE7E00CBD098 /* InstagramTests */ = {
			isa = PBXGroup;
			children = (
				87798A541F13EE7E00CBD098 /* InstagramTests.swift */,
				87798A561F13EE7E00CBD098 /* Info.plist */,
			);
			path = InstagramTests;
			sourceTree = "<group>";
		};
		87798A5E1F13EE7E00CBD098 /* InstagramUITests */ = {
			isa = PBXGroup;
			children = (
				87798A5F1F13EE7E00CBD098 /* InstagramUITests.swift */,
				87798A611F13EE7E00CBD098 /* Info.plist */,
			);
			path = InstagramUITests;
			sourceTree = "<group>";
		};
		878C016A1F665EF2006D5D2A /* AddPhoto */ = {
			isa = PBXGroup;
			children = (
				87730C341F64396A00794705 /* PhotoSelectorController.swift */,
				87730C361F644E8800794705 /* PhotoSelectorCell.swift */,
				878C01531F660D58006D5D2A /* PhotoSelectorHeader.swift */,
				878C01681F665EEB006D5D2A /* SharePhotoController.swift */,
			);
			name = AddPhoto;
			sourceTree = "<group>";
		};
		87A502B31F5CB3C200235EF9 /* Controllers */ = {
			isa = PBXGroup;
			children = (
				87A502D41F5E637E00235EF9 /* Login */,
				87A502AF1F5CB31A00235EF9 /* MainTabBarController.swift */,
				87A502B11F5CB38E00235EF9 /* UserProfileController.swift */,
				87AAB37D1F6A5533001B1252 /* HomeController.swift */,
				871171441F8DE0E5002D0BA8 /* FirebaseUtils.swift */,
				871171461F8DE516002D0BA8 /* UserSearchController.swift */,
				87C7B1451F9323D700BE0BD8 /* CommentsController.swift */,
			);
			name = Controllers;
			sourceTree = "<group>";
		};
		87A502B41F5CB3CB00235EF9 /* Views */ = {
			isa = PBXGroup;
			children = (
				87AAB3831F6A590C001B1252 /* Cells */,
				87A502CA1F5DA88F00235EF9 /* Header */,
				87798A401F13EE7D00CBD098 /* Main.storyboard */,
			);
			name = Views;
			sourceTree = "<group>";
		};
		87A502B51F5CB3D000235EF9 /* Model */ = {
			isa = PBXGroup;
			children = (
				87798A431F13EE7D00CBD098 /* Instagram.xcdatamodeld */,
				87AAB3791F68EFC7001B1252 /* PostModel.swift */,
				87D481001F8C2B96004851BC /* UserModel.swift */,
				8761814F1F96821100E46D93 /* CommentModel.swift */,
			);
			name = Model;
			sourceTree = "<group>";
		};
		87A502CA1F5DA88F00235EF9 /* Header */ = {
			isa = PBXGroup;
			children = (
				87A502CB1F5DA89E00235EF9 /* UserProfileHeader.swift */,
			);
			name = Header;
			sourceTree = "<group>";
		};
		87A502D41F5E637E00235EF9 /* Login */ = {
			isa = PBXGroup;
			children = (
				87A502D51F5E638800235EF9 /* LoginController.swift */,
				87798A3E1F13EE7D00CBD098 /* SignUpController.swift */,
			);
			name = Login;
			sourceTree = "<group>";
		};
		87AAB3831F6A590C001B1252 /* Cells */ = {
			isa = PBXGroup;
			children = (
				87730C381F644EB100794705 /* BaseCell.swift */,
				87AAB37B1F6A16CA001B1252 /* UserProfilePhotoCell.swift */,
				87AAB3841F6A5918001B1252 /* HomePostCell.swift */,
				8711714A1F8DEE56002D0BA8 /* UserSearchCell .swift */,
				87CD57CB1F95AFD4001C4B8C /* CommentCell.swift */,
			);
			name = Cells;
			sourceTree = "<group>";
		};
		C2383D28C7E77642AFA6A3FA /* Frameworks */ = {
			isa = PBXGroup;
			children = (
				B026B5856CE2696CDA04101C /* Pods_Instagram.framework */,
				8FCE54C5A680A79ADEA1B78D /* Pods_InstagramTests.framework */,
				60F1794CBC15058820E5303C /* Pods_InstagramUITests.framework */,
			);
			name = Frameworks;
			sourceTree = "<group>";
		};
		F238B969935A06F80AE51F7D /* Pods */ = {
			isa = PBXGroup;
			children = (
				9125ED3146D51B76D0797A7F /* Pods-Instagram.debug.xcconfig */,
				BD0E79FE61627CF997E53728 /* Pods-Instagram.release.xcconfig */,
				13BF3E3061FA4FD45628C1C8 /* Pods-InstagramTests.debug.xcconfig */,
				67AB31EBD463CBA6F4087160 /* Pods-InstagramTests.release.xcconfig */,
				C5E3835A0E0D1E1F6479E125 /* Pods-InstagramUITests.debug.xcconfig */,
				8F24C3BDCDCB7F5C049B2FA3 /* Pods-InstagramUITests.release.xcconfig */,
			);
			name = Pods;
			sourceTree = "<group>";
		};
/* End PBXGroup section */

/* Begin PBXNativeTarget section */
		87798A381F13EE7D00CBD098 /* Instagram */ = {
			isa = PBXNativeTarget;
			buildConfigurationList = 87798A641F13EE7E00CBD098 /* Build configuration list for PBXNativeTarget "Instagram" */;
			buildPhases = (
				054B0A2E96EFBDC70D132795 /* [CP] Check Pods Manifest.lock */,
				87798A351F13EE7D00CBD098 /* Sources */,
				87798A361F13EE7D00CBD098 /* Frameworks */,
				87798A371F13EE7D00CBD098 /* Resources */,
				F560CF5251A9C143FA924617 /* [CP] Embed Pods Frameworks */,
				FDA1986B7A29988604EA0C11 /* [CP] Copy Pods Resources */,
			);
			buildRules = (
			);
			dependencies = (
			);
			name = Instagram;
			productName = Instagram;
			productReference = 87798A391F13EE7D00CBD098 /* Instagram.app */;
			productType = "com.apple.product-type.application";
		};
		87798A4F1F13EE7E00CBD098 /* InstagramTests */ = {
			isa = PBXNativeTarget;
			buildConfigurationList = 87798A671F13EE7E00CBD098 /* Build configuration list for PBXNativeTarget "InstagramTests" */;
			buildPhases = (
				9C9EB428BE5ACC377CEE92F5 /* [CP] Check Pods Manifest.lock */,
				87798A4C1F13EE7E00CBD098 /* Sources */,
				87798A4D1F13EE7E00CBD098 /* Frameworks */,
				87798A4E1F13EE7E00CBD098 /* Resources */,
				B63C09BAEF39A2289501FCE4 /* [CP] Embed Pods Frameworks */,
				C2F792B556C168D0799959E3 /* [CP] Copy Pods Resources */,
			);
			buildRules = (
			);
			dependencies = (
				87798A521F13EE7E00CBD098 /* PBXTargetDependency */,
			);
			name = InstagramTests;
			productName = InstagramTests;
			productReference = 87798A501F13EE7E00CBD098 /* InstagramTests.xctest */;
			productType = "com.apple.product-type.bundle.unit-test";
		};
		87798A5A1F13EE7E00CBD098 /* InstagramUITests */ = {
			isa = PBXNativeTarget;
			buildConfigurationList = 87798A6A1F13EE7E00CBD098 /* Build configuration list for PBXNativeTarget "InstagramUITests" */;
			buildPhases = (
				29C4DF378D234EA31522C947 /* [CP] Check Pods Manifest.lock */,
				87798A571F13EE7E00CBD098 /* Sources */,
				87798A581F13EE7E00CBD098 /* Frameworks */,
				87798A591F13EE7E00CBD098 /* Resources */,
				8C10026A7A51C04F33A17C19 /* [CP] Embed Pods Frameworks */,
				9F439D56D810419C18A87B51 /* [CP] Copy Pods Resources */,
			);
			buildRules = (
			);
			dependencies = (
				87798A5D1F13EE7E00CBD098 /* PBXTargetDependency */,
			);
			name = InstagramUITests;
			productName = InstagramUITests;
			productReference = 87798A5B1F13EE7E00CBD098 /* InstagramUITests.xctest */;
			productType = "com.apple.product-type.bundle.ui-testing";
		};
/* End PBXNativeTarget section */

/* Begin PBXProject section */
		87798A311F13EE7D00CBD098 /* Project object */ = {
			isa = PBXProject;
			attributes = {
				LastSwiftUpdateCheck = 0830;
				LastUpgradeCheck = 0830;
				ORGANIZATIONNAME = AmarBhatia;
				TargetAttributes = {
					87798A381F13EE7D00CBD098 = {
						CreatedOnToolsVersion = 8.3.2;
						DevelopmentTeam = 465955C7HD;
						ProvisioningStyle = Automatic;
					};
					87798A4F1F13EE7E00CBD098 = {
						CreatedOnToolsVersion = 8.3.2;
						DevelopmentTeam = 465955C7HD;
						ProvisioningStyle = Automatic;
						TestTargetID = 87798A381F13EE7D00CBD098;
					};
					87798A5A1F13EE7E00CBD098 = {
						CreatedOnToolsVersion = 8.3.2;
						DevelopmentTeam = 465955C7HD;
						ProvisioningStyle = Automatic;
						TestTargetID = 87798A381F13EE7D00CBD098;
					};
				};
			};
			buildConfigurationList = 87798A341F13EE7D00CBD098 /* Build configuration list for PBXProject "Instagram" */;
			compatibilityVersion = "Xcode 3.2";
			developmentRegion = English;
			hasScannedForEncodings = 0;
			knownRegions = (
				en,
				Base,
			);
			mainGroup = 87798A301F13EE7D00CBD098;
			productRefGroup = 87798A3A1F13EE7D00CBD098 /* Products */;
			projectDirPath = "";
			projectRoot = "";
			targets = (
				87798A381F13EE7D00CBD098 /* Instagram */,
				87798A4F1F13EE7E00CBD098 /* InstagramTests */,
				87798A5A1F13EE7E00CBD098 /* InstagramUITests */,
			);
		};
/* End PBXProject section */

/* Begin PBXResourcesBuildPhase section */
		87798A371F13EE7D00CBD098 /* Resources */ = {
			isa = PBXResourcesBuildPhase;
			buildActionMask = 2147483647;
			files = (
				87798A4A1F13EE7E00CBD098 /* LaunchScreen.storyboard in Resources */,
				8782E35D1F591DCA005697F1 /* GoogleService-Info.plist in Resources */,
				87798A471F13EE7E00CBD098 /* Assets.xcassets in Resources */,
				87798A421F13EE7D00CBD098 /* Main.storyboard in Resources */,
			);
			runOnlyForDeploymentPostprocessing = 0;
		};
		87798A4E1F13EE7E00CBD098 /* Resources */ = {
			isa = PBXResourcesBuildPhase;
			buildActionMask = 2147483647;
			files = (
			);
			runOnlyForDeploymentPostprocessing = 0;
		};
		87798A591F13EE7E00CBD098 /* Resources */ = {
			isa = PBXResourcesBuildPhase;
			buildActionMask = 2147483647;
			files = (
			);
			runOnlyForDeploymentPostprocessing = 0;
		};
/* End PBXResourcesBuildPhase section */

/* Begin PBXShellScriptBuildPhase section */
		054B0A2E96EFBDC70D132795 /* [CP] Check Pods Manifest.lock */ = {
			isa = PBXShellScriptBuildPhase;
			buildActionMask = 2147483647;
			files = (
			);
			inputPaths = (
			);
			name = "[CP] Check Pods Manifest.lock";
			outputPaths = (
			);
			runOnlyForDeploymentPostprocessing = 0;
			shellPath = /bin/sh;
			shellScript = "diff \"${PODS_ROOT}/../Podfile.lock\" \"${PODS_ROOT}/Manifest.lock\" > /dev/null\nif [ $? != 0 ] ; then\n    # print error to STDERR\n    echo \"error: The sandbox is not in sync with the Podfile.lock. Run 'pod install' or update your CocoaPods installation.\" >&2\n    exit 1\nfi\n";
			showEnvVarsInLog = 0;
		};
		29C4DF378D234EA31522C947 /* [CP] Check Pods Manifest.lock */ = {
			isa = PBXShellScriptBuildPhase;
			buildActionMask = 2147483647;
			files = (
			);
			inputPaths = (
			);
			name = "[CP] Check Pods Manifest.lock";
			outputPaths = (
			);
			runOnlyForDeploymentPostprocessing = 0;
			shellPath = /bin/sh;
			shellScript = "diff \"${PODS_ROOT}/../Podfile.lock\" \"${PODS_ROOT}/Manifest.lock\" > /dev/null\nif [ $? != 0 ] ; then\n    # print error to STDERR\n    echo \"error: The sandbox is not in sync with the Podfile.lock. Run 'pod install' or update your CocoaPods installation.\" >&2\n    exit 1\nfi\n";
			showEnvVarsInLog = 0;
		};
		8C10026A7A51C04F33A17C19 /* [CP] Embed Pods Frameworks */ = {
			isa = PBXShellScriptBuildPhase;
			buildActionMask = 2147483647;
			files = (
			);
			inputPaths = (
			);
			name = "[CP] Embed Pods Frameworks";
			outputPaths = (
			);
			runOnlyForDeploymentPostprocessing = 0;
			shellPath = /bin/sh;
			shellScript = "\"${SRCROOT}/Pods/Target Support Files/Pods-InstagramUITests/Pods-InstagramUITests-frameworks.sh\"\n";
			showEnvVarsInLog = 0;
		};
		9C9EB428BE5ACC377CEE92F5 /* [CP] Check Pods Manifest.lock */ = {
			isa = PBXShellScriptBuildPhase;
			buildActionMask = 2147483647;
			files = (
			);
			inputPaths = (
			);
			name = "[CP] Check Pods Manifest.lock";
			outputPaths = (
			);
			runOnlyForDeploymentPostprocessing = 0;
			shellPath = /bin/sh;
			shellScript = "diff \"${PODS_ROOT}/../Podfile.lock\" \"${PODS_ROOT}/Manifest.lock\" > /dev/null\nif [ $? != 0 ] ; then\n    # print error to STDERR\n    echo \"error: The sandbox is not in sync with the Podfile.lock. Run 'pod install' or update your CocoaPods installation.\" >&2\n    exit 1\nfi\n";
			showEnvVarsInLog = 0;
		};
		9F439D56D810419C18A87B51 /* [CP] Copy Pods Resources */ = {
			isa = PBXShellScriptBuildPhase;
			buildActionMask = 2147483647;
			files = (
			);
			inputPaths = (
			);
			name = "[CP] Copy Pods Resources";
			outputPaths = (
			);
			runOnlyForDeploymentPostprocessing = 0;
			shellPath = /bin/sh;
			shellScript = "\"${SRCROOT}/Pods/Target Support Files/Pods-InstagramUITests/Pods-InstagramUITests-resources.sh\"\n";
			showEnvVarsInLog = 0;
		};
		B63C09BAEF39A2289501FCE4 /* [CP] Embed Pods Frameworks */ = {
			isa = PBXShellScriptBuildPhase;
			buildActionMask = 2147483647;
			files = (
			);
			inputPaths = (
			);
			name = "[CP] Embed Pods Frameworks";
			outputPaths = (
			);
			runOnlyForDeploymentPostprocessing = 0;
			shellPath = /bin/sh;
			shellScript = "\"${SRCROOT}/Pods/Target Support Files/Pods-InstagramTests/Pods-InstagramTests-frameworks.sh\"\n";
			showEnvVarsInLog = 0;
		};
		C2F792B556C168D0799959E3 /* [CP] Copy Pods Resources */ = {
			isa = PBXShellScriptBuildPhase;
			buildActionMask = 2147483647;
			files = (
			);
			inputPaths = (
			);
			name = "[CP] Copy Pods Resources";
			outputPaths = (
			);
			runOnlyForDeploymentPostprocessing = 0;
			shellPath = /bin/sh;
			shellScript = "\"${SRCROOT}/Pods/Target Support Files/Pods-InstagramTests/Pods-InstagramTests-resources.sh\"\n";
			showEnvVarsInLog = 0;
		};
		F560CF5251A9C143FA924617 /* [CP] Embed Pods Frameworks */ = {
			isa = PBXShellScriptBuildPhase;
			buildActionMask = 2147483647;
			files = (
			);
			inputPaths = (
			);
			name = "[CP] Embed Pods Frameworks";
			outputPaths = (
			);
			runOnlyForDeploymentPostprocessing = 0;
			shellPath = /bin/sh;
			shellScript = "\"${SRCROOT}/Pods/Target Support Files/Pods-Instagram/Pods-Instagram-frameworks.sh\"\n";
			showEnvVarsInLog = 0;
		};
		FDA1986B7A29988604EA0C11 /* [CP] Copy Pods Resources */ = {
			isa = PBXShellScriptBuildPhase;
			buildActionMask = 2147483647;
			files = (
			);
			inputPaths = (
			);
			name = "[CP] Copy Pods Resources";
			outputPaths = (
			);
			runOnlyForDeploymentPostprocessing = 0;
			shellPath = /bin/sh;
			shellScript = "\"${SRCROOT}/Pods/Target Support Files/Pods-Instagram/Pods-Instagram-resources.sh\"\n";
			showEnvVarsInLog = 0;
		};
/* End PBXShellScriptBuildPhase section */

/* Begin PBXSourcesBuildPhase section */
		87798A351F13EE7D00CBD098 /* Sources */ = {
			isa = PBXSourcesBuildPhase;
			buildActionMask = 2147483647;
			files = (
				878C01541F660D58006D5D2A /* PhotoSelectorHeader.swift in Sources */,
				87AAB3851F6A5918001B1252 /* HomePostCell.swift in Sources */,
				87798A3F1F13EE7D00CBD098 /* SignUpController.swift in Sources */,
				87A502CC1F5DA89E00235EF9 /* UserProfileHeader.swift in Sources */,
				875CB3BB1F92D9D40074A0EE /* CustomAnimationPresenter.swift in Sources */,
				87C7B1461F9323D700BE0BD8 /* CommentsController.swift in Sources */,
				87798A451F13EE7D00CBD098 /* Instagram.xcdatamodeld in Sources */,
				871171451F8DE0E5002D0BA8 /* FirebaseUtils.swift in Sources */,
				875CF3F41F8F507700957A55 /* CameraController.swift in Sources */,
				87730C351F64396B00794705 /* PhotoSelectorController.swift in Sources */,
				87AAB37C1F6A16CA001B1252 /* UserProfilePhotoCell.swift in Sources */,
				87AAB37A1F68EFC7001B1252 /* PostModel.swift in Sources */,
				87A502B21F5CB38E00235EF9 /* UserProfileController.swift in Sources */,
				871171471F8DE516002D0BA8 /* UserSearchController.swift in Sources */,
				87CD57CC1F95AFD4001C4B8C /* CommentCell.swift in Sources */,
				87A502B01F5CB31A00235EF9 /* MainTabBarController.swift in Sources */,
				87A502D61F5E638800235EF9 /* LoginController.swift in Sources */,
				875CB3B91F92AC370074A0EE /* PreviewPhotoContainerView.swift in Sources */,
				878C01691F665EEB006D5D2A /* SharePhotoController.swift in Sources */,
				87730C391F644EB100794705 /* BaseCell.swift in Sources */,
				87AAB37E1F6A5533001B1252 /* HomeController.swift in Sources */,
				87798A3D1F13EE7D00CBD098 /* AppDelegate.swift in Sources */,
				8711714B1F8DEE56002D0BA8 /* UserSearchCell .swift in Sources */,
				875CB3BD1F92E3B60074A0EE /* CustomAnimatorDismisser.swift in Sources */,
				8782E3221F58E805005697F1 /* Extensions.swift in Sources */,
				876181501F96821100E46D93 /* CommentModel.swift in Sources */,
				87D481011F8C2B96004851BC /* UserModel.swift in Sources */,
				87730C371F644E8800794705 /* PhotoSelectorCell.swift in Sources */,
			);
			runOnlyForDeploymentPostprocessing = 0;
		};
		87798A4C1F13EE7E00CBD098 /* Sources */ = {
			isa = PBXSourcesBuildPhase;
			buildActionMask = 2147483647;
			files = (
				87798A551F13EE7E00CBD098 /* InstagramTests.swift in Sources */,
			);
			runOnlyForDeploymentPostprocessing = 0;
		};
		87798A571F13EE7E00CBD098 /* Sources */ = {
			isa = PBXSourcesBuildPhase;
			buildActionMask = 2147483647;
			files = (
				87798A601F13EE7E00CBD098 /* InstagramUITests.swift in Sources */,
			);
			runOnlyForDeploymentPostprocessing = 0;
		};
/* End PBXSourcesBuildPhase section */

/* Begin PBXTargetDependency section */
		87798A521F13EE7E00CBD098 /* PBXTargetDependency */ = {
			isa = PBXTargetDependency;
			target = 87798A381F13EE7D00CBD098 /* Instagram */;
			targetProxy = 87798A511F13EE7E00CBD098 /* PBXContainerItemProxy */;
		};
		87798A5D1F13EE7E00CBD098 /* PBXTargetDependency */ = {
			isa = PBXTargetDependency;
			target = 87798A381F13EE7D00CBD098 /* Instagram */;
			targetProxy = 87798A5C1F13EE7E00CBD098 /* PBXContainerItemProxy */;
		};
/* End PBXTargetDependency section */

/* Begin PBXVariantGroup section */
		87798A401F13EE7D00CBD098 /* Main.storyboard */ = {
			isa = PBXVariantGroup;
			children = (
				87798A411F13EE7D00CBD098 /* Base */,
			);
			name = Main.storyboard;
			sourceTree = "<group>";
		};
		87798A481F13EE7E00CBD098 /* LaunchScreen.storyboard */ = {
			isa = PBXVariantGroup;
			children = (
				87798A491F13EE7E00CBD098 /* Base */,
			);
			name = LaunchScreen.storyboard;
			sourceTree = "<group>";
		};
/* End PBXVariantGroup section */

/* Begin XCBuildConfiguration section */
		87798A621F13EE7E00CBD098 /* Debug */ = {
			isa = XCBuildConfiguration;
			buildSettings = {
				ALWAYS_SEARCH_USER_PATHS = NO;
				CLANG_ANALYZER_NONNULL = YES;
				CLANG_ANALYZER_NUMBER_OBJECT_CONVERSION = YES_AGGRESSIVE;
				CLANG_CXX_LANGUAGE_STANDARD = "gnu++0x";
				CLANG_CXX_LIBRARY = "libc++";
				CLANG_ENABLE_MODULES = YES;
				CLANG_ENABLE_OBJC_ARC = YES;
				CLANG_WARN_BOOL_CONVERSION = YES;
				CLANG_WARN_CONSTANT_CONVERSION = YES;
				CLANG_WARN_DIRECT_OBJC_ISA_USAGE = YES_ERROR;
				CLANG_WARN_DOCUMENTATION_COMMENTS = YES;
				CLANG_WARN_EMPTY_BODY = YES;
				CLANG_WARN_ENUM_CONVERSION = YES;
				CLANG_WARN_INFINITE_RECURSION = YES;
				CLANG_WARN_INT_CONVERSION = YES;
				CLANG_WARN_OBJC_ROOT_CLASS = YES_ERROR;
				CLANG_WARN_SUSPICIOUS_MOVE = YES;
				CLANG_WARN_UNREACHABLE_CODE = YES;
				CLANG_WARN__DUPLICATE_METHOD_MATCH = YES;
				"CODE_SIGN_IDENTITY[sdk=iphoneos*]" = "iPhone Developer";
				COPY_PHASE_STRIP = NO;
				DEBUG_INFORMATION_FORMAT = dwarf;
				ENABLE_STRICT_OBJC_MSGSEND = YES;
				ENABLE_TESTABILITY = YES;
				GCC_C_LANGUAGE_STANDARD = gnu99;
				GCC_DYNAMIC_NO_PIC = NO;
				GCC_NO_COMMON_BLOCKS = YES;
				GCC_OPTIMIZATION_LEVEL = 0;
				GCC_PREPROCESSOR_DEFINITIONS = (
					"DEBUG=1",
					"$(inherited)",
				);
				GCC_WARN_64_TO_32_BIT_CONVERSION = YES;
				GCC_WARN_ABOUT_RETURN_TYPE = YES_ERROR;
				GCC_WARN_UNDECLARED_SELECTOR = YES;
				GCC_WARN_UNINITIALIZED_AUTOS = YES_AGGRESSIVE;
				GCC_WARN_UNUSED_FUNCTION = YES;
				GCC_WARN_UNUSED_VARIABLE = YES;
				IPHONEOS_DEPLOYMENT_TARGET = 10.3;
				MTL_ENABLE_DEBUG_INFO = YES;
				ONLY_ACTIVE_ARCH = YES;
				SDKROOT = iphoneos;
				SWIFT_ACTIVE_COMPILATION_CONDITIONS = DEBUG;
				SWIFT_OPTIMIZATION_LEVEL = "-Onone";
			};
			name = Debug;
		};
		87798A631F13EE7E00CBD098 /* Release */ = {
			isa = XCBuildConfiguration;
			buildSettings = {
				ALWAYS_SEARCH_USER_PATHS = NO;
				CLANG_ANALYZER_NONNULL = YES;
				CLANG_ANALYZER_NUMBER_OBJECT_CONVERSION = YES_AGGRESSIVE;
				CLANG_CXX_LANGUAGE_STANDARD = "gnu++0x";
				CLANG_CXX_LIBRARY = "libc++";
				CLANG_ENABLE_MODULES = YES;
				CLANG_ENABLE_OBJC_ARC = YES;
				CLANG_WARN_BOOL_CONVERSION = YES;
				CLANG_WARN_CONSTANT_CONVERSION = YES;
				CLANG_WARN_DIRECT_OBJC_ISA_USAGE = YES_ERROR;
				CLANG_WARN_DOCUMENTATION_COMMENTS = YES;
				CLANG_WARN_EMPTY_BODY = YES;
				CLANG_WARN_ENUM_CONVERSION = YES;
				CLANG_WARN_INFINITE_RECURSION = YES;
				CLANG_WARN_INT_CONVERSION = YES;
				CLANG_WARN_OBJC_ROOT_CLASS = YES_ERROR;
				CLANG_WARN_SUSPICIOUS_MOVE = YES;
				CLANG_WARN_UNREACHABLE_CODE = YES;
				CLANG_WARN__DUPLICATE_METHOD_MATCH = YES;
				"CODE_SIGN_IDENTITY[sdk=iphoneos*]" = "iPhone Developer";
				COPY_PHASE_STRIP = NO;
				DEBUG_INFORMATION_FORMAT = "dwarf-with-dsym";
				ENABLE_NS_ASSERTIONS = NO;
				ENABLE_STRICT_OBJC_MSGSEND = YES;
				GCC_C_LANGUAGE_STANDARD = gnu99;
				GCC_NO_COMMON_BLOCKS = YES;
				GCC_WARN_64_TO_32_BIT_CONVERSION = YES;
				GCC_WARN_ABOUT_RETURN_TYPE = YES_ERROR;
				GCC_WARN_UNDECLARED_SELECTOR = YES;
				GCC_WARN_UNINITIALIZED_AUTOS = YES_AGGRESSIVE;
				GCC_WARN_UNUSED_FUNCTION = YES;
				GCC_WARN_UNUSED_VARIABLE = YES;
				IPHONEOS_DEPLOYMENT_TARGET = 10.3;
				MTL_ENABLE_DEBUG_INFO = NO;
				SDKROOT = iphoneos;
				SWIFT_OPTIMIZATION_LEVEL = "-Owholemodule";
				VALIDATE_PRODUCT = YES;
			};
			name = Release;
		};
		87798A651F13EE7E00CBD098 /* Debug */ = {
			isa = XCBuildConfiguration;
			baseConfigurationReference = 9125ED3146D51B76D0797A7F /* Pods-Instagram.debug.xcconfig */;
			buildSettings = {
				ASSETCATALOG_COMPILER_APPICON_NAME = AppIcon;
				DEVELOPMENT_TEAM = 465955C7HD;
				INFOPLIST_FILE = Instagram/Info.plist;
				LD_RUNPATH_SEARCH_PATHS = "$(inherited) @executable_path/Frameworks";
				PRODUCT_BUNDLE_IDENTIFIER = AmarBhatia.Instagram;
				PRODUCT_NAME = "$(TARGET_NAME)";
				SWIFT_VERSION = 4.0;
			};
			name = Debug;
		};
		87798A661F13EE7E00CBD098 /* Release */ = {
			isa = XCBuildConfiguration;
			baseConfigurationReference = BD0E79FE61627CF997E53728 /* Pods-Instagram.release.xcconfig */;
			buildSettings = {
				ASSETCATALOG_COMPILER_APPICON_NAME = AppIcon;
				DEVELOPMENT_TEAM = 465955C7HD;
				INFOPLIST_FILE = Instagram/Info.plist;
				LD_RUNPATH_SEARCH_PATHS = "$(inherited) @executable_path/Frameworks";
				PRODUCT_BUNDLE_IDENTIFIER = AmarBhatia.Instagram;
				PRODUCT_NAME = "$(TARGET_NAME)";
				SWIFT_VERSION = 4.0;
			};
			name = Release;
		};
		87798A681F13EE7E00CBD098 /* Debug */ = {
			isa = XCBuildConfiguration;
			baseConfigurationReference = 13BF3E3061FA4FD45628C1C8 /* Pods-InstagramTests.debug.xcconfig */;
			buildSettings = {
				ALWAYS_EMBED_SWIFT_STANDARD_LIBRARIES = YES;
				BUNDLE_LOADER = "$(TEST_HOST)";
				DEVELOPMENT_TEAM = 465955C7HD;
				INFOPLIST_FILE = InstagramTests/Info.plist;
				LD_RUNPATH_SEARCH_PATHS = "$(inherited) @executable_path/Frameworks @loader_path/Frameworks";
				PRODUCT_BUNDLE_IDENTIFIER = AmarBhatia.InstagramTests;
				PRODUCT_NAME = "$(TARGET_NAME)";
				SWIFT_VERSION = 3.0;
				TEST_HOST = "$(BUILT_PRODUCTS_DIR)/Instagram.app/Instagram";
			};
			name = Debug;
		};
		87798A691F13EE7E00CBD098 /* Release */ = {
			isa = XCBuildConfiguration;
			baseConfigurationReference = 67AB31EBD463CBA6F4087160 /* Pods-InstagramTests.release.xcconfig */;
			buildSettings = {
				ALWAYS_EMBED_SWIFT_STANDARD_LIBRARIES = YES;
				BUNDLE_LOADER = "$(TEST_HOST)";
				DEVELOPMENT_TEAM = 465955C7HD;
				INFOPLIST_FILE = InstagramTests/Info.plist;
				LD_RUNPATH_SEARCH_PATHS = "$(inherited) @executable_path/Frameworks @loader_path/Frameworks";
				PRODUCT_BUNDLE_IDENTIFIER = AmarBhatia.InstagramTests;
				PRODUCT_NAME = "$(TARGET_NAME)";
				SWIFT_VERSION = 3.0;
				TEST_HOST = "$(BUILT_PRODUCTS_DIR)/Instagram.app/Instagram";
			};
			name = Release;
		};
		87798A6B1F13EE7E00CBD098 /* Debug */ = {
			isa = XCBuildConfiguration;
			baseConfigurationReference = C5E3835A0E0D1E1F6479E125 /* Pods-InstagramUITests.debug.xcconfig */;
			buildSettings = {
				ALWAYS_EMBED_SWIFT_STANDARD_LIBRARIES = YES;
				DEVELOPMENT_TEAM = 465955C7HD;
				INFOPLIST_FILE = InstagramUITests/Info.plist;
				LD_RUNPATH_SEARCH_PATHS = "$(inherited) @executable_path/Frameworks @loader_path/Frameworks";
				PRODUCT_BUNDLE_IDENTIFIER = AmarBhatia.InstagramUITests;
				PRODUCT_NAME = "$(TARGET_NAME)";
				SWIFT_VERSION = 3.0;
				TEST_TARGET_NAME = Instagram;
			};
			name = Debug;
		};
		87798A6C1F13EE7E00CBD098 /* Release */ = {
			isa = XCBuildConfiguration;
			baseConfigurationReference = 8F24C3BDCDCB7F5C049B2FA3 /* Pods-InstagramUITests.release.xcconfig */;
			buildSettings = {
				ALWAYS_EMBED_SWIFT_STANDARD_LIBRARIES = YES;
				DEVELOPMENT_TEAM = 465955C7HD;
				INFOPLIST_FILE = InstagramUITests/Info.plist;
				LD_RUNPATH_SEARCH_PATHS = "$(inherited) @executable_path/Frameworks @loader_path/Frameworks";
				PRODUCT_BUNDLE_IDENTIFIER = AmarBhatia.InstagramUITests;
				PRODUCT_NAME = "$(TARGET_NAME)";
				SWIFT_VERSION = 3.0;
				TEST_TARGET_NAME = Instagram;
			};
			name = Release;
		};
/* End XCBuildConfiguration section */

/* Begin XCConfigurationList section */
		87798A341F13EE7D00CBD098 /* Build configuration list for PBXProject "Instagram" */ = {
			isa = XCConfigurationList;
			buildConfigurations = (
				87798A621F13EE7E00CBD098 /* Debug */,
				87798A631F13EE7E00CBD098 /* Release */,
			);
			defaultConfigurationIsVisible = 0;
			defaultConfigurationName = Release;
		};
		87798A641F13EE7E00CBD098 /* Build configuration list for PBXNativeTarget "Instagram" */ = {
			isa = XCConfigurationList;
			buildConfigurations = (
				87798A651F13EE7E00CBD098 /* Debug */,
				87798A661F13EE7E00CBD098 /* Release */,
			);
			defaultConfigurationIsVisible = 0;
			defaultConfigurationName = Release;
		};
		87798A671F13EE7E00CBD098 /* Build configuration list for PBXNativeTarget "InstagramTests" */ = {
			isa = XCConfigurationList;
			buildConfigurations = (
				87798A681F13EE7E00CBD098 /* Debug */,
				87798A691F13EE7E00CBD098 /* Release */,
			);
			defaultConfigurationIsVisible = 0;
			defaultConfigurationName = Release;
		};
		87798A6A1F13EE7E00CBD098 /* Build configuration list for PBXNativeTarget "InstagramUITests" */ = {
			isa = XCConfigurationList;
			buildConfigurations = (
				87798A6B1F13EE7E00CBD098 /* Debug */,
				87798A6C1F13EE7E00CBD098 /* Release */,
			);
			defaultConfigurationIsVisible = 0;
			defaultConfigurationName = Release;
		};
/* End XCConfigurationList section */

/* Begin XCVersionGroup section */
		87798A431F13EE7D00CBD098 /* Instagram.xcdatamodeld */ = {
			isa = XCVersionGroup;
			children = (
				87798A441F13EE7D00CBD098 /* Instagram.xcdatamodel */,
			);
			currentVersion = 87798A441F13EE7D00CBD098 /* Instagram.xcdatamodel */;
			path = Instagram.xcdatamodeld;
			sourceTree = "<group>";
			versionGroupType = wrapper.xcdatamodel;
		};
/* End XCVersionGroup section */
	};
	rootObject = 87798A311F13EE7D00CBD098 /* Project object */;
}
